
Microsoft Visual Studio Solution File, Format Version 12.00
# Visual Studio 2012
Project("{FAE04EC0-301F-11D3-BF4B-00C04F79EFBC}") = "Mvc_ESM", "Mvc_ESM\Mvc_ESM.csproj", "{66E6397E-C924-4C97-96FE-B54C88514FE3}"
EndProject
Project("{FAE04EC0-301F-11D3-BF4B-00C04F79EFBC}") = "Model", "Model\Model.csproj", "{5386855C-FEDA-4AEC-BA8C-118F9FB0C602}"
EndProject
Global
	GlobalSection(SolutionConfigurationPlatforms) = preSolution
		Debug|Any CPU = Debug|Any CPU
		Release|Any CPU = Release|Any CPU
	EndGlobalSection
	GlobalSection(ProjectConfigurationPlatforms) = postSolution
		{66E6397E-C924-4C97-96FE-B54C88514FE3}.Debug|Any CPU.ActiveCfg = Debug|Any CPU
		{66E6397E-C924-4C97-96FE-B54C88514FE3}.Debug|Any CPU.Build.0 = Debug|Any CPU
		{66E6397E-C924-4C97-96FE-B54C88514FE3}.Release|Any CPU.ActiveCfg = Release|Any CPU
		{66E6397E-C924-4C97-96FE-B54C88514FE3}.Release|Any CPU.Build.0 = Release|Any CPU
		{5386855C-FEDA-4AEC-BA8C-118F9FB0C602}.Debug|Any CPU.ActiveCfg = Debug|Any CPU
		{5386855C-FEDA-4AEC-BA8C-118F9FB0C602}.Debug|Any CPU.Build.0 = Debug|Any CPU
		{5386855C-FEDA-4AEC-BA8C-118F9FB0C602}.Release|Any CPU.ActiveCfg = Release|Any CPU
		{5386855C-FEDA-4AEC-BA8C-118F9FB0C602}.Release|Any CPU.Build.0 = Release|Any CPU
	EndGlobalSection
	GlobalSection(SolutionProperties) = preSolution
		HideSolutionNode = FALSE
	EndGlobalSection
EndGlobal
